
Microsoft Visual Studio Solution File, Format Version 12.00
Project("{FAE04EC0-301F-11D3-BF4B-00C04F79EFBC}") = "Client", "Client\Client.csproj", "{5C96EFBF-35D1-4AC0-8971-F75F20159BB0}"
EndProject
Project("{FAE04EC0-301F-11D3-BF4B-00C04F79EFBC}") = "Server", "Server\Server.csproj", "{F3AABCB0-4306-4095-9282-31653531B301}"
EndProject
Project("{FAE04EC0-301F-11D3-BF4B-00C04F79EFBC}") = "ServerInput", "ServerInput\ServerInput.csproj", "{766273C6-9FEB-4C66-A4FD-A364E3FA0F5E}"
EndProject
Project("{FAE04EC0-301F-11D3-BF4B-00C04F79EFBC}") = "TestProject1", "TestProject1\TestProject1.csproj", "{7B73216D-AC67-40E2-9ACA-0546DA6A5FC4}"
EndProject
Global
	GlobalSection(SolutionConfigurationPlatforms) = preSolution
		Debug|Any CPU = Debug|Any CPU
		Release|Any CPU = Release|Any CPU
	EndGlobalSection
	GlobalSection(ProjectConfigurationPlatforms) = postSolution
		{5C96EFBF-35D1-4AC0-8971-F75F20159BB0}.Debug|Any CPU.ActiveCfg = Debug|Any CPU
		{5C96EFBF-35D1-4AC0-8971-F75F20159BB0}.Debug|Any CPU.Build.0 = Debug|Any CPU
		{5C96EFBF-35D1-4AC0-8971-F75F20159BB0}.Release|Any CPU.ActiveCfg = Release|Any CPU
		{5C96EFBF-35D1-4AC0-8971-F75F20159BB0}.Release|Any CPU.Build.0 = Release|Any CPU
		{F3AABCB0-4306-4095-9282-31653531B301}.Debug|Any CPU.ActiveCfg = Debug|Any CPU
		{F3AABCB0-4306-4095-9282-31653531B301}.Debug|Any CPU.Build.0 = Debug|Any CPU
		{F3AABCB0-4306-4095-9282-31653531B301}.Release|Any CPU.ActiveCfg = Release|Any CPU
		{F3AABCB0-4306-4095-9282-31653531B301}.Release|Any CPU.Build.0 = Release|Any CPU
		{766273C6-9FEB-4C66-A4FD-A364E3FA0F5E}.Debug|Any CPU.ActiveCfg = Debug|Any CPU
		{766273C6-9FEB-4C66-A4FD-A364E3FA0F5E}.Debug|Any CPU.Build.0 = Debug|Any CPU
		{766273C6-9FEB-4C66-A4FD-A364E3FA0F5E}.Release|Any CPU.ActiveCfg = Release|Any CPU
		{766273C6-9FEB-4C66-A4FD-A364E3FA0F5E}.Release|Any CPU.Build.0 = Release|Any CPU
		{7B73216D-AC67-40E2-9ACA-0546DA6A5FC4}.Debug|Any CPU.ActiveCfg = Debug|Any CPU
		{7B73216D-AC67-40E2-9ACA-0546DA6A5FC4}.Debug|Any CPU.Build.0 = Debug|Any CPU
		{7B73216D-AC67-40E2-9ACA-0546DA6A5FC4}.Release|Any CPU.ActiveCfg = Release|Any CPU
		{7B73216D-AC67-40E2-9ACA-0546DA6A5FC4}.Release|Any CPU.Build.0 = Release|Any CPU
	EndGlobalSection
EndGlobal
